
Microsoft Visual Studio Solution File, Format Version 12.00
# Visual Studio 15
VisualStudioVersion = 15.0.27703.2042
MinimumVisualStudioVersion = 10.0.40219.1
Project("{FAE04EC0-301F-11D3-BF4B-00C04F79EFBC}") = "egész számok", "egész számok\egész számok.csproj", "{45D6229F-BCC9-46E9-9604-1E38C4D292DF}"
EndProject
Global
	GlobalSection(SolutionConfigurationPlatforms) = preSolution
		Debug|Any CPU = Debug|Any CPU
		Release|Any CPU = Release|Any CPU
	EndGlobalSection
	GlobalSection(ProjectConfigurationPlatforms) = postSolution
		{45D6229F-BCC9-46E9-9604-1E38C4D292DF}.Debug|Any CPU.ActiveCfg = Debug|Any CPU
		{45D6229F-BCC9-46E9-9604-1E38C4D292DF}.Debug|Any CPU.Build.0 = Debug|Any CPU
		{45D6229F-BCC9-46E9-9604-1E38C4D292DF}.Release|Any CPU.ActiveCfg = Release|Any CPU
		{45D6229F-BCC9-46E9-9604-1E38C4D292DF}.Release|Any CPU.Build.0 = Release|Any CPU
	EndGlobalSection
	GlobalSection(SolutionProperties) = preSolution
		HideSolutionNode = FALSE
	EndGlobalSection
	GlobalSection(ExtensibilityGlobals) = postSolution
		SolutionGuid = {077AD4FD-A39A-489B-8FE9-DB27F4201F3E}
	EndGlobalSection
EndGlobal
